
Microsoft Visual Studio Solution File, Format Version 12.00
# Visual Studio Version 17
VisualStudioVersion = 17.14.36212.18 d17.14
MinimumVisualStudioVersion = 10.0.40219.1
Project("{FAE04EC0-301F-11D3-BF4B-00C04F79EFBC}") = "ServerForReact", "ServerForReact.csproj", "{402D0472-6D19-4D04-9037-7028CE19C52C}"
EndProject
Global
	GlobalSection(SolutionConfigurationPlatforms) = preSolution
		Debug|Any CPU = Debug|Any CPU
		Release|Any CPU = Release|Any CPU
	EndGlobalSection
	GlobalSection(ProjectConfigurationPlatforms) = postSolution
		{402D0472-6D19-4D04-9037-7028CE19C52C}.Debug|Any CPU.ActiveCfg = Debug|Any CPU
		{402D0472-6D19-4D04-9037-7028CE19C52C}.Debug|Any CPU.Build.0 = Debug|Any CPU
		{402D0472-6D19-4D04-9037-7028CE19C52C}.Release|Any CPU.ActiveCfg = Release|Any CPU
		{402D0472-6D19-4D04-9037-7028CE19C52C}.Release|Any CPU.Build.0 = Release|Any CPU
	EndGlobalSection
	GlobalSection(SolutionProperties) = preSolution
		HideSolutionNode = FALSE
	EndGlobalSection
	GlobalSection(ExtensibilityGlobals) = postSolution
		SolutionGuid = {4BD5A398-722C-4AB4-96BB-830586330CBE}
	EndGlobalSection
EndGlobal
